
Microsoft Visual Studio Solution File, Format Version 12.00
# Visual Studio Version 16
VisualStudioVersion = 16.0.28803.202
MinimumVisualStudioVersion = 10.0.40219.1
Project("{F184B08F-C81C-45F6-A57F-5ABD9991F28F}") = "Ejercicio 1, 2 y 3", "Ejercicio 1, 2 y 3\Ejercicio 1, 2 y 3.vbproj", "{2B79761A-9192-4AFD-96C3-48A3CA88740B}"
EndProject
Global
	GlobalSection(SolutionConfigurationPlatforms) = preSolution
		Debug|Any CPU = Debug|Any CPU
		Release|Any CPU = Release|Any CPU
	EndGlobalSection
	GlobalSection(ProjectConfigurationPlatforms) = postSolution
		{2B79761A-9192-4AFD-96C3-48A3CA88740B}.Debug|Any CPU.ActiveCfg = Debug|Any CPU
		{2B79761A-9192-4AFD-96C3-48A3CA88740B}.Debug|Any CPU.Build.0 = Debug|Any CPU
		{2B79761A-9192-4AFD-96C3-48A3CA88740B}.Release|Any CPU.ActiveCfg = Release|Any CPU
		{2B79761A-9192-4AFD-96C3-48A3CA88740B}.Release|Any CPU.Build.0 = Release|Any CPU
	EndGlobalSection
	GlobalSection(SolutionProperties) = preSolution
		HideSolutionNode = FALSE
	EndGlobalSection
	GlobalSection(ExtensibilityGlobals) = postSolution
		SolutionGuid = {79EFFBDA-9AE3-4816-8C35-DAC3860B97E8}
	EndGlobalSection
EndGlobal
